
Microsoft Visual Studio Solution File, Format Version 12.00
# Visual Studio Version 16
VisualStudioVersion = 16.0.30611.23
MinimumVisualStudioVersion = 10.0.40219.1
Project("{FAE04EC0-301F-11D3-BF4B-00C04F79EFBC}") = "paridispari", "paridispari\paridispari.csproj", "{1E63F8E1-7761-455E-9CDA-E35E3DF811DF}"
EndProject
Project("{FAE04EC0-301F-11D3-BF4B-00C04F79EFBC}") = "LibrariaPariDispari", "LibrariaPariDispari\LibrariaPariDispari.csproj", "{F643992F-681E-4757-B7E5-1BF897FD8FC5}"
EndProject
Global
	GlobalSection(SolutionConfigurationPlatforms) = preSolution
		Debug|Any CPU = Debug|Any CPU
		Release|Any CPU = Release|Any CPU
	EndGlobalSection
	GlobalSection(ProjectConfigurationPlatforms) = postSolution
		{1E63F8E1-7761-455E-9CDA-E35E3DF811DF}.Debug|Any CPU.ActiveCfg = Debug|Any CPU
		{1E63F8E1-7761-455E-9CDA-E35E3DF811DF}.Debug|Any CPU.Build.0 = Debug|Any CPU
		{1E63F8E1-7761-455E-9CDA-E35E3DF811DF}.Release|Any CPU.ActiveCfg = Release|Any CPU
		{1E63F8E1-7761-455E-9CDA-E35E3DF811DF}.Release|Any CPU.Build.0 = Release|Any CPU
		{F643992F-681E-4757-B7E5-1BF897FD8FC5}.Debug|Any CPU.ActiveCfg = Debug|Any CPU
		{F643992F-681E-4757-B7E5-1BF897FD8FC5}.Debug|Any CPU.Build.0 = Debug|Any CPU
		{F643992F-681E-4757-B7E5-1BF897FD8FC5}.Release|Any CPU.ActiveCfg = Release|Any CPU
		{F643992F-681E-4757-B7E5-1BF897FD8FC5}.Release|Any CPU.Build.0 = Release|Any CPU
	EndGlobalSection
	GlobalSection(SolutionProperties) = preSolution
		HideSolutionNode = FALSE
	EndGlobalSection
	GlobalSection(ExtensibilityGlobals) = postSolution
		SolutionGuid = {46F5DD66-DAAA-4FDD-8B79-6ACB6041A0EA}
	EndGlobalSection
EndGlobal
